// !$*UTF8*$!
{
	archiveVersion = 1;
	classes = {
	};
	objectVersion = 50;
	objects = {

/* Begin PBXBuildFile section */
		F770529D225C9DFC006F4F1E /* AppDelegate.swift in Sources */ = {isa = PBXBuildFile; fileRef = F770529C225C9DFC006F4F1E /* AppDelegate.swift */; };
		F770529F225C9DFC006F4F1E /* ViewController.swift in Sources */ = {isa = PBXBuildFile; fileRef = F770529E225C9DFC006F4F1E /* ViewController.swift */; };
		F77052A2225C9DFC006F4F1E /* Main.storyboard in Resources */ = {isa = PBXBuildFile; fileRef = F77052A0225C9DFC006F4F1E /* Main.storyboard */; };
		F77052A4225C9DFD006F4F1E /* Assets.xcassets in Resources */ = {isa = PBXBuildFile; fileRef = F77052A3225C9DFD006F4F1E /* Assets.xcassets */; };
		F77052A7225C9DFE006F4F1E /* LaunchScreen.storyboard in Resources */ = {isa = PBXBuildFile; fileRef = F77052A5225C9DFE006F4F1E /* LaunchScreen.storyboard */; };
		F77052CA225C9E38006F4F1E /* TransitionManger.swift in Sources */ = {isa = PBXBuildFile; fileRef = F77052B1225C9E38006F4F1E /* TransitionManger.swift */; };
		F77052CB225C9E38006F4F1E /* PopBaseViewController.swift in Sources */ = {isa = PBXBuildFile; fileRef = F77052B2225C9E38006F4F1E /* PopBaseViewController.swift */; };
		F77052CC225C9E38006F4F1E /* CurrentModelContontroller.swift in Sources */ = {isa = PBXBuildFile; fileRef = F77052B3225C9E38006F4F1E /* CurrentModelContontroller.swift */; };
		F77052CD225C9E38006F4F1E /* JHSBaseViewController.swift in Sources */ = {isa = PBXBuildFile; fileRef = F77052B4225C9E38006F4F1E /* JHSBaseViewController.swift */; };
		F77052CE225C9E38006F4F1E /* BaseController.swift in Sources */ = {isa = PBXBuildFile; fileRef = F77052B5225C9E38006F4F1E /* BaseController.swift */; };
		F77052CF225C9E38006F4F1E /* RequestOperation.swift in Sources */ = {isa = PBXBuildFile; fileRef = F77052B7225C9E38006F4F1E /* RequestOperation.swift */; };
		F77052D0225C9E38006F4F1E /* ReadFileManager.swift in Sources */ = {isa = PBXBuildFile; fileRef = F77052B8225C9E38006F4F1E /* ReadFileManager.swift */; };
		F77052D1225C9E38006F4F1E /* RequestConfig.swift in Sources */ = {isa = PBXBuildFile; fileRef = F77052B9225C9E38006F4F1E /* RequestConfig.swift */; };
		F77052D2225C9E38006F4F1E /* RelationFileKey.swift in Sources */ = {isa = PBXBuildFile; fileRef = F77052BA225C9E38006F4F1E /* RelationFileKey.swift */; };
		F77052D3225C9E38006F4F1E /* HttpParamterModel.swift in Sources */ = {isa = PBXBuildFile; fileRef = F77052BB225C9E38006F4F1E /* HttpParamterModel.swift */; };
		F77052D4225C9E38006F4F1E /* BaseModel.swift in Sources */ = {isa = PBXBuildFile; fileRef = F77052BD225C9E38006F4F1E /* BaseModel.swift */; };
		F77052D5225C9E38006F4F1E /* FMBaseCollectionView.swift in Sources */ = {isa = PBXBuildFile; fileRef = F77052BF225C9E38006F4F1E /* FMBaseCollectionView.swift */; };
		F77052D6225C9E38006F4F1E /* FMScrollView.swift in Sources */ = {isa = PBXBuildFile; fileRef = F77052C0225C9E38006F4F1E /* FMScrollView.swift */; };
		F77052D7225C9E38006F4F1E /* BlurModelView.swift in Sources */ = {isa = PBXBuildFile; fileRef = F77052C1225C9E38006F4F1E /* BlurModelView.swift */; };
		F77052D8225C9E38006F4F1E /* FMBaseTableView.swift in Sources */ = {isa = PBXBuildFile; fileRef = F77052C2225C9E38006F4F1E /* FMBaseTableView.swift */; };
		F77052D9225C9E38006F4F1E /* DefineSwiftFunc.swift in Sources */ = {isa = PBXBuildFile; fileRef = F77052C4225C9E38006F4F1E /* DefineSwiftFunc.swift */; };
		F77052DA225C9E38006F4F1E /* ExtensionView.swift in Sources */ = {isa = PBXBuildFile; fileRef = F77052C5225C9E38006F4F1E /* ExtensionView.swift */; };
		F77052DB225C9E38006F4F1E /* AppDelegateExtenstion.swift in Sources */ = {isa = PBXBuildFile; fileRef = F77052C6225C9E38006F4F1E /* AppDelegateExtenstion.swift */; };
		F77052DC225C9E38006F4F1E /* AppExtenConfig.swift in Sources */ = {isa = PBXBuildFile; fileRef = F77052C7225C9E38006F4F1E /* AppExtenConfig.swift */; };
		F77052DD225C9E38006F4F1E /* DataBaseManager.swift in Sources */ = {isa = PBXBuildFile; fileRef = F77052C9225C9E38006F4F1E /* DataBaseManager.swift */; };
/* End PBXBuildFile section */

/* Begin PBXFileReference section */
		F7705299225C9DFC006F4F1E /* TransformLayerProject.app */ = {isa = PBXFileReference; explicitFileType = wrapper.application; includeInIndex = 0; path = TransformLayerProject.app; sourceTree = BUILT_PRODUCTS_DIR; };
		F770529C225C9DFC006F4F1E /* AppDelegate.swift */ = {isa = PBXFileReference; lastKnownFileType = sourcecode.swift; path = AppDelegate.swift; sourceTree = "<group>"; };
		F770529E225C9DFC006F4F1E /* ViewController.swift */ = {isa = PBXFileReference; lastKnownFileType = sourcecode.swift; path = ViewController.swift; sourceTree = "<group>"; };
		F77052A1225C9DFC006F4F1E /* Base */ = {isa = PBXFileReference; lastKnownFileType = file.storyboard; name = Base; path = Base.lproj/Main.storyboard; sourceTree = "<group>"; };
		F77052A3225C9DFD006F4F1E /* Assets.xcassets */ = {isa = PBXFileReference; lastKnownFileType = folder.assetcatalog; path = Assets.xcassets; sourceTree = "<group>"; };
		F77052A6225C9DFE006F4F1E /* Base */ = {isa = PBXFileReference; lastKnownFileType = file.storyboard; name = Base; path = Base.lproj/LaunchScreen.storyboard; sourceTree = "<group>"; };
		F77052A8225C9DFE006F4F1E /* Info.plist */ = {isa = PBXFileReference; lastKnownFileType = text.plist.xml; path = Info.plist; sourceTree = "<group>"; };
		F77052B1225C9E38006F4F1E /* TransitionManger.swift */ = {isa = PBXFileReference; fileEncoding = 4; lastKnownFileType = sourcecode.swift; path = TransitionManger.swift; sourceTree = "<group>"; };
		F77052B2225C9E38006F4F1E /* PopBaseViewController.swift */ = {isa = PBXFileReference; fileEncoding = 4; lastKnownFileType = sourcecode.swift; path = PopBaseViewController.swift; sourceTree = "<group>"; };
		F77052B3225C9E38006F4F1E /* CurrentModelContontroller.swift */ = {isa = PBXFileReference; fileEncoding = 4; lastKnownFileType = sourcecode.swift; path = CurrentModelContontroller.swift; sourceTree = "<group>"; };
		F77052B4225C9E38006F4F1E /* JHSBaseViewController.swift */ = {isa = PBXFileReference; fileEncoding = 4; lastKnownFileType = sourcecode.swift; path = JHSBaseViewController.swift; sourceTree = "<group>"; };
		F77052B5225C9E38006F4F1E /* BaseController.swift */ = {isa = PBXFileReference; fileEncoding = 4; lastKnownFileType = sourcecode.swift; path = BaseController.swift; sourceTree = "<group>"; };
		F77052B7225C9E38006F4F1E /* RequestOperation.swift */ = {isa = PBXFileReference; fileEncoding = 4; lastKnownFileType = sourcecode.swift; path = RequestOperation.swift; sourceTree = "<group>"; };
		F77052B8225C9E38006F4F1E /* ReadFileManager.swift */ = {isa = PBXFileReference; fileEncoding = 4; lastKnownFileType = sourcecode.swift; path = ReadFileManager.swift; sourceTree = "<group>"; };
		F77052B9225C9E38006F4F1E /* RequestConfig.swift */ = {isa = PBXFileReference; fileEncoding = 4; lastKnownFileType = sourcecode.swift; path = RequestConfig.swift; sourceTree = "<group>"; };
		F77052BA225C9E38006F4F1E /* RelationFileKey.swift */ = {isa = PBXFileReference; fileEncoding = 4; lastKnownFileType = sourcecode.swift; path = RelationFileKey.swift; sourceTree = "<group>"; };
		F77052BB225C9E38006F4F1E /* HttpParamterModel.swift */ = {isa = PBXFileReference; fileEncoding = 4; lastKnownFileType = sourcecode.swift; path = HttpParamterModel.swift; sourceTree = "<group>"; };
		F77052BD225C9E38006F4F1E /* BaseModel.swift */ = {isa = PBXFileReference; fileEncoding = 4; lastKnownFileType = sourcecode.swift; path = BaseModel.swift; sourceTree = "<group>"; };
		F77052BF225C9E38006F4F1E /* FMBaseCollectionView.swift */ = {isa = PBXFileReference; fileEncoding = 4; lastKnownFileType = sourcecode.swift; path = FMBaseCollectionView.swift; sourceTree = "<group>"; };
		F77052C0225C9E38006F4F1E /* FMScrollView.swift */ = {isa = PBXFileReference; fileEncoding = 4; lastKnownFileType = sourcecode.swift; path = FMScrollView.swift; sourceTree = "<group>"; };
		F77052C1225C9E38006F4F1E /* BlurModelView.swift */ = {isa = PBXFileReference; fileEncoding = 4; lastKnownFileType = sourcecode.swift; path = BlurModelView.swift; sourceTree = "<group>"; };
		F77052C2225C9E38006F4F1E /* FMBaseTableView.swift */ = {isa = PBXFileReference; fileEncoding = 4; lastKnownFileType = sourcecode.swift; path = FMBaseTableView.swift; sourceTree = "<group>"; };
		F77052C4225C9E38006F4F1E /* DefineSwiftFunc.swift */ = {isa = PBXFileReference; fileEncoding = 4; lastKnownFileType = sourcecode.swift; path = DefineSwiftFunc.swift; sourceTree = "<group>"; };
		F77052C5225C9E38006F4F1E /* ExtensionView.swift */ = {isa = PBXFileReference; fileEncoding = 4; lastKnownFileType = sourcecode.swift; path = ExtensionView.swift; sourceTree = "<group>"; };
		F77052C6225C9E38006F4F1E /* AppDelegateExtenstion.swift */ = {isa = PBXFileReference; fileEncoding = 4; lastKnownFileType = sourcecode.swift; path = AppDelegateExtenstion.swift; sourceTree = "<group>"; };
		F77052C7225C9E38006F4F1E /* AppExtenConfig.swift */ = {isa = PBXFileReference; fileEncoding = 4; lastKnownFileType = sourcecode.swift; path = AppExtenConfig.swift; sourceTree = "<group>"; };
		F77052C9225C9E38006F4F1E /* DataBaseManager.swift */ = {isa = PBXFileReference; fileEncoding = 4; lastKnownFileType = sourcecode.swift; path = DataBaseManager.swift; sourceTree = "<group>"; };
/* End PBXFileReference section */

/* Begin PBXFrameworksBuildPhase section */
		F7705296225C9DFC006F4F1E /* Frameworks */ = {
			isa = PBXFrameworksBuildPhase;
			buildActionMask = 2147483647;
			files = (
			);
			runOnlyForDeploymentPostprocessing = 0;
		};
/* End PBXFrameworksBuildPhase section */

/* Begin PBXGroup section */
		F7705290225C9DFC006F4F1E = {
			isa = PBXGroup;
			children = (
				F770529B225C9DFC006F4F1E /* TransformLayerProject */,
				F770529A225C9DFC006F4F1E /* Products */,
			);
			sourceTree = "<group>";
		};
		F770529A225C9DFC006F4F1E /* Products */ = {
			isa = PBXGroup;
			children = (
				F7705299225C9DFC006F4F1E /* TransformLayerProject.app */,
			);
			name = Products;
			sourceTree = "<group>";
		};
		F770529B225C9DFC006F4F1E /* TransformLayerProject */ = {
			isa = PBXGroup;
			children = (
				F77052AE225C9E38006F4F1E /* frameTask */,
				F770529C225C9DFC006F4F1E /* AppDelegate.swift */,
				F770529E225C9DFC006F4F1E /* ViewController.swift */,
				F77052A0225C9DFC006F4F1E /* Main.storyboard */,
				F77052A3225C9DFD006F4F1E /* Assets.xcassets */,
				F77052A5225C9DFE006F4F1E /* LaunchScreen.storyboard */,
				F77052A8225C9DFE006F4F1E /* Info.plist */,
			);
			path = TransformLayerProject;
			sourceTree = "<group>";
		};
		F77052AE225C9E38006F4F1E /* frameTask */ = {
			isa = PBXGroup;
			children = (
				F77052AF225C9E38006F4F1E /* controller */,
				F77052B6225C9E38006F4F1E /* http */,
				F77052BC225C9E38006F4F1E /* model */,
				F77052BE225C9E38006F4F1E /* view */,
				F77052C3225C9E38006F4F1E /* extenstion */,
				F77052C8225C9E38006F4F1E /* caches */,
			);
			path = frameTask;
			sourceTree = "<group>";
		};
		F77052AF225C9E38006F4F1E /* controller */ = {
			isa = PBXGroup;
			children = (
				F77052B0225C9E38006F4F1E /* pop */,
				F77052B4225C9E38006F4F1E /* JHSBaseViewController.swift */,
				F77052B5225C9E38006F4F1E /* BaseController.swift */,
			);
			path = controller;
			sourceTree = "<group>";
		};
		F77052B0225C9E38006F4F1E /* pop */ = {
			isa = PBXGroup;
			children = (
				F77052B1225C9E38006F4F1E /* TransitionManger.swift */,
				F77052B2225C9E38006F4F1E /* PopBaseViewController.swift */,
				F77052B3225C9E38006F4F1E /* CurrentModelContontroller.swift */,
			);
			path = pop;
			sourceTree = "<group>";
		};
		F77052B6225C9E38006F4F1E /* http */ = {
			isa = PBXGroup;
			children = (
				F77052B7225C9E38006F4F1E /* RequestOperation.swift */,
				F77052B8225C9E38006F4F1E /* ReadFileManager.swift */,
				F77052B9225C9E38006F4F1E /* RequestConfig.swift */,
				F77052BA225C9E38006F4F1E /* RelationFileKey.swift */,
				F77052BB225C9E38006F4F1E /* HttpParamterModel.swift */,
			);
			path = http;
			sourceTree = "<group>";
		};
		F77052BC225C9E38006F4F1E /* model */ = {
			isa = PBXGroup;
			children = (
				F77052BD225C9E38006F4F1E /* BaseModel.swift */,
			);
			path = model;
			sourceTree = "<group>";
		};
		F77052BE225C9E38006F4F1E /* view */ = {
			isa = PBXGroup;
			children = (
				F77052BF225C9E38006F4F1E /* FMBaseCollectionView.swift */,
				F77052C0225C9E38006F4F1E /* FMScrollView.swift */,
				F77052C1225C9E38006F4F1E /* BlurModelView.swift */,
				F77052C2225C9E38006F4F1E /* FMBaseTableView.swift */,
			);
			path = view;
			sourceTree = "<group>";
		};
		F77052C3225C9E38006F4F1E /* extenstion */ = {
			isa = PBXGroup;
			children = (
				F77052C4225C9E38006F4F1E /* DefineSwiftFunc.swift */,
				F77052C5225C9E38006F4F1E /* ExtensionView.swift */,
				F77052C6225C9E38006F4F1E /* AppDelegateExtenstion.swift */,
				F77052C7225C9E38006F4F1E /* AppExtenConfig.swift */,
			);
			path = extenstion;
			sourceTree = "<group>";
		};
		F77052C8225C9E38006F4F1E /* caches */ = {
			isa = PBXGroup;
			children = (
				F77052C9225C9E38006F4F1E /* DataBaseManager.swift */,
			);
			path = caches;
			sourceTree = "<group>";
		};
/* End PBXGroup section */

/* Begin PBXNativeTarget section */
		F7705298225C9DFC006F4F1E /* TransformLayerProject */ = {
			isa = PBXNativeTarget;
			buildConfigurationList = F77052AB225C9DFE006F4F1E /* Build configuration list for PBXNativeTarget "TransformLayerProject" */;
			buildPhases = (
				F7705295225C9DFC006F4F1E /* Sources */,
				F7705296225C9DFC006F4F1E /* Frameworks */,
				F7705297225C9DFC006F4F1E /* Resources */,
			);
			buildRules = (
			);
			dependencies = (
			);
			name = TransformLayerProject;
			productName = TransformLayerProject;
			productReference = F7705299225C9DFC006F4F1E /* TransformLayerProject.app */;
			productType = "com.apple.product-type.application";
		};
/* End PBXNativeTarget section */

/* Begin PBXProject section */
		F7705291225C9DFC006F4F1E /* Project object */ = {
			isa = PBXProject;
			attributes = {
				LastSwiftUpdateCheck = 1010;
				LastUpgradeCheck = 1010;
				ORGANIZATIONNAME = yaojinhai;
				TargetAttributes = {
					F7705298225C9DFC006F4F1E = {
						CreatedOnToolsVersion = 10.1;
					};
				};
			};
			buildConfigurationList = F7705294225C9DFC006F4F1E /* Build configuration list for PBXProject "TransformLayerProject" */;
			compatibilityVersion = "Xcode 9.3";
			developmentRegion = en;
			hasScannedForEncodings = 0;
			knownRegions = (
				en,
				Base,
			);
			mainGroup = F7705290225C9DFC006F4F1E;
			productRefGroup = F770529A225C9DFC006F4F1E /* Products */;
			projectDirPath = "";
			projectRoot = "";
			targets = (
				F7705298225C9DFC006F4F1E /* TransformLayerProject */,
			);
		};
/* End PBXProject section */

/* Begin PBXResourcesBuildPhase section */
		F7705297225C9DFC006F4F1E /* Resources */ = {
			isa = PBXResourcesBuildPhase;
			buildActionMask = 2147483647;
			files = (
				F77052A7225C9DFE006F4F1E /* LaunchScreen.storyboard in Resources */,
				F77052A4225C9DFD006F4F1E /* Assets.xcassets in Resources */,
				F77052A2225C9DFC006F4F1E /* Main.storyboard in Resources */,
			);
			runOnlyForDeploymentPostprocessing = 0;
		};
/* End PBXResourcesBuildPhase section */

/* Begin PBXSourcesBuildPhase section */
		F7705295225C9DFC006F4F1E /* Sources */ = {
			isa = PBXSourcesBuildPhase;
			buildActionMask = 2147483647;
			files = (
				F77052D8225C9E38006F4F1E /* FMBaseTableView.swift in Sources */,
				F77052D6225C9E38006F4F1E /* FMScrollView.swift in Sources */,
				F77052D2225C9E38006F4F1E /* RelationFileKey.swift in Sources */,
				F77052D0225C9E38006F4F1E /* ReadFileManager.swift in Sources */,
				F77052CC225C9E38006F4F1E /* CurrentModelContontroller.swift in Sources */,
				F77052DC225C9E38006F4F1E /* AppExtenConfig.swift in Sources */,
				F77052D4225C9E38006F4F1E /* BaseModel.swift in Sources */,
				F770529F225C9DFC006F4F1E /* ViewController.swift in Sources */,
				F77052DB225C9E38006F4F1E /* AppDelegateExtenstion.swift in Sources */,
				F77052CE225C9E38006F4F1E /* BaseController.swift in Sources */,
				F77052DD225C9E38006F4F1E /* DataBaseManager.swift in Sources */,
				F77052CF225C9E38006F4F1E /* RequestOperation.swift in Sources */,
				F77052D1225C9E38006F4F1E /* RequestConfig.swift in Sources */,
				F77052D9225C9E38006F4F1E /* DefineSwiftFunc.swift in Sources */,
				F77052CA225C9E38006F4F1E /* TransitionManger.swift in Sources */,
				F770529D225C9DFC006F4F1E /* AppDelegate.swift in Sources */,
				F77052DA225C9E38006F4F1E /* ExtensionView.swift in Sources */,
				F77052D5225C9E38006F4F1E /* FMBaseCollectionView.swift in Sources */,
				F77052CB225C9E38006F4F1E /* PopBaseViewController.swift in Sources */,
				F77052CD225C9E38006F4F1E /* JHSBaseViewController.swift in Sources */,
				F77052D3225C9E38006F4F1E /* HttpParamterModel.swift in Sources */,
				F77052D7225C9E38006F4F1E /* BlurModelView.swift in Sources */,
			);
			runOnlyForDeploymentPostprocessing = 0;
		};
/* End PBXSourcesBuildPhase section */

/* Begin PBXVariantGroup section */
		F77052A0225C9DFC006F4F1E /* Main.storyboard */ = {
			isa = PBXVariantGroup;
			children = (
				F77052A1225C9DFC006F4F1E /* Base */,
			);
			name = Main.storyboard;
			sourceTree = "<group>";
		};
		F77052A5225C9DFE006F4F1E /* LaunchScreen.storyboard */ = {
			isa = PBXVariantGroup;
			children = (
				F77052A6225C9DFE006F4F1E /* Base */,
			);
			name = LaunchScreen.storyboard;
			sourceTree = "<group>";
		};
/* End PBXVariantGroup section */

/* Begin XCBuildConfiguration section */
		F77052A9225C9DFE006F4F1E /* Debug */ = {
			isa = XCBuildConfiguration;
			buildSettings = {
				ALWAYS_SEARCH_USER_PATHS = NO;
				CLANG_ANALYZER_NONNULL = YES;
				CLANG_ANALYZER_NUMBER_OBJECT_CONVERSION = YES_AGGRESSIVE;
				CLANG_CXX_LANGUAGE_STANDARD = "gnu++14";
				CLANG_CXX_LIBRARY = "libc++";
				CLANG_ENABLE_MODULES = YES;
				CLANG_ENABLE_OBJC_ARC = YES;
				CLANG_ENABLE_OBJC_WEAK = YES;
				CLANG_WARN_BLOCK_CAPTURE_AUTORELEASING = YES;
				CLANG_WARN_BOOL_CONVERSION = YES;
				CLANG_WARN_COMMA = YES;
				CLANG_WARN_CONSTANT_CONVERSION = YES;
				CLANG_WARN_DEPRECATED_OBJC_IMPLEMENTATIONS = YES;
				CLANG_WARN_DIRECT_OBJC_ISA_USAGE = YES_ERROR;
				CLANG_WARN_DOCUMENTATION_COMMENTS = YES;
				CLANG_WARN_EMPTY_BODY = YES;
				CLANG_WARN_ENUM_CONVERSION = YES;
				CLANG_WARN_INFINITE_RECURSION = YES;
				CLANG_WARN_INT_CONVERSION = YES;
				CLANG_WARN_NON_LITERAL_NULL_CONVERSION = YES;
				CLANG_WARN_OBJC_IMPLICIT_RETAIN_SELF = YES;
				CLANG_WARN_OBJC_LITERAL_CONVERSION = YES;
				CLANG_WARN_OBJC_ROOT_CLASS = YES_ERROR;
				CLANG_WARN_RANGE_LOOP_ANALYSIS = YES;
				CLANG_WARN_STRICT_PROTOTYPES = YES;
				CLANG_WARN_SUSPICIOUS_MOVE = YES;
				CLANG_WARN_UNGUARDED_AVAILABILITY = YES_AGGRESSIVE;
				CLANG_WARN_UNREACHABLE_CODE = YES;
				CLANG_WARN__DUPLICATE_METHOD_MATCH = YES;
				CODE_SIGN_IDENTITY = "iPhone Developer";
				COPY_PHASE_STRIP = NO;
				DEBUG_INFORMATION_FORMAT = dwarf;
				ENABLE_STRICT_OBJC_MSGSEND = YES;
				ENABLE_TESTABILITY = YES;
				GCC_C_LANGUAGE_STANDARD = gnu11;
				GCC_DYNAMIC_NO_PIC = NO;
				GCC_NO_COMMON_BLOCKS = YES;
				GCC_OPTIMIZATION_LEVEL = 0;
				GCC_PREPROCESSOR_DEFINITIONS = (
					"DEBUG=1",
					"$(inherited)",
				);
				GCC_WARN_64_TO_32_BIT_CONVERSION = YES;
				GCC_WARN_ABOUT_RETURN_TYPE = YES_ERROR;
				GCC_WARN_UNDECLARED_SELECTOR = YES;
				GCC_WARN_UNINITIALIZED_AUTOS = YES_AGGRESSIVE;
				GCC_WARN_UNUSED_FUNCTION = YES;
				GCC_WARN_UNUSED_VARIABLE = YES;
				IPHONEOS_DEPLOYMENT_TARGET = 12.1;
				MTL_ENABLE_DEBUG_INFO = INCLUDE_SOURCE;
				MTL_FAST_MATH = YES;
				ONLY_ACTIVE_ARCH = YES;
				SDKROOT = iphoneos;
				SWIFT_ACTIVE_COMPILATION_CONDITIONS = DEBUG;
				SWIFT_OPTIMIZATION_LEVEL = "-Onone";
			};
			name = Debug;
		};
		F77052AA225C9DFE006F4F1E /* Release */ = {
			isa = XCBuildConfiguration;
			buildSettings = {
				ALWAYS_SEARCH_USER_PATHS = NO;
				CLANG_ANALYZER_NONNULL = YES;
				CLANG_ANALYZER_NUMBER_OBJECT_CONVERSION = YES_AGGRESSIVE;
				CLANG_CXX_LANGUAGE_STANDARD = "gnu++14";
				CLANG_CXX_LIBRARY = "libc++";
				CLANG_ENABLE_MODULES = YES;
				CLANG_ENABLE_OBJC_ARC = YES;
				CLANG_ENABLE_OBJC_WEAK = YES;
				CLANG_WARN_BLOCK_CAPTURE_AUTORELEASING = YES;
				CLANG_WARN_BOOL_CONVERSION = YES;
				CLANG_WARN_COMMA = YES;
				CLANG_WARN_CONSTANT_CONVERSION = YES;
				CLANG_WARN_DEPRECATED_OBJC_IMPLEMENTATIONS = YES;
				CLANG_WARN_DIRECT_OBJC_ISA_USAGE = YES_ERROR;
				CLANG_WARN_DOCUMENTATION_COMMENTS = YES;
				CLANG_WARN_EMPTY_BODY = YES;
				CLANG_WARN_ENUM_CONVERSION = YES;
				CLANG_WARN_INFINITE_RECURSION = YES;
				CLANG_WARN_INT_CONVERSION = YES;
				CLANG_WARN_NON_LITERAL_NULL_CONVERSION = YES;
				CLANG_WARN_OBJC_IMPLICIT_RETAIN_SELF = YES;
				CLANG_WARN_OBJC_LITERAL_CONVERSION = YES;
				CLANG_WARN_OBJC_ROOT_CLASS = YES_ERROR;
				CLANG_WARN_RANGE_LOOP_ANALYSIS = YES;
				CLANG_WARN_STRICT_PROTOTYPES = YES;
				CLANG_WARN_SUSPICIOUS_MOVE = YES;
				CLANG_WARN_UNGUARDED_AVAILABILITY = YES_AGGRESSIVE;
				CLANG_WARN_UNREACHABLE_CODE = YES;
				CLANG_WARN__DUPLICATE_METHOD_MATCH = YES;
				CODE_SIGN_IDENTITY = "iPhone Developer";
				COPY_PHASE_STRIP = NO;
				DEBUG_INFORMATION_FORMAT = "dwarf-with-dsym";
				ENABLE_NS_ASSERTIONS = NO;
				ENABLE_STRICT_OBJC_MSGSEND = YES;
				GCC_C_LANGUAGE_STANDARD = gnu11;
				GCC_NO_COMMON_BLOCKS = YES;
				GCC_WARN_64_TO_32_BIT_CONVERSION = YES;
				GCC_WARN_ABOUT_RETURN_TYPE = YES_ERROR;
				GCC_WARN_UNDECLARED_SELECTOR = YES;
				GCC_WARN_UNINITIALIZED_AUTOS = YES_AGGRESSIVE;
				GCC_WARN_UNUSED_FUNCTION = YES;
				GCC_WARN_UNUSED_VARIABLE = YES;
				IPHONEOS_DEPLOYMENT_TARGET = 12.1;
				MTL_ENABLE_DEBUG_INFO = NO;
				MTL_FAST_MATH = YES;
				SDKROOT = iphoneos;
				SWIFT_COMPILATION_MODE = wholemodule;
				SWIFT_OPTIMIZATION_LEVEL = "-O";
				VALIDATE_PRODUCT = YES;
			};
			name = Release;
		};
		F77052AC225C9DFE006F4F1E /* Debug */ = {
			isa = XCBuildConfiguration;
			buildSettings = {
				ASSETCATALOG_COMPILER_APPICON_NAME = AppIcon;
				CODE_SIGN_STYLE = Automatic;
				DEVELOPMENT_TEAM = GJUVMN7HVC;
				INFOPLIST_FILE = TransformLayerProject/Info.plist;
				LD_RUNPATH_SEARCH_PATHS = (
					"$(inherited)",
					"@executable_path/Frameworks",
				);
				PRODUCT_BUNDLE_IDENTIFIER = com.huoyuan.TransformLayerProject;
				PRODUCT_NAME = "$(TARGET_NAME)";
				SWIFT_VERSION = 4.2;
				TARGETED_DEVICE_FAMILY = "1,2";
			};
			name = Debug;
		};
		F77052AD225C9DFE006F4F1E /* Release */ = {
			isa = XCBuildConfiguration;
			buildSettings = {
				ASSETCATALOG_COMPILER_APPICON_NAME = AppIcon;
				CODE_SIGN_STYLE = Automatic;
				DEVELOPMENT_TEAM = GJUVMN7HVC;
				INFOPLIST_FILE = TransformLayerProject/Info.plist;
				LD_RUNPATH_SEARCH_PATHS = (
					"$(inherited)",
					"@executable_path/Frameworks",
				);
				PRODUCT_BUNDLE_IDENTIFIER = com.huoyuan.TransformLayerProject;
				PRODUCT_NAME = "$(TARGET_NAME)";
				SWIFT_VERSION = 4.2;
				TARGETED_DEVICE_FAMILY = "1,2";
			};
			name = Release;
		};
/* End XCBuildConfiguration section */

/* Begin XCConfigurationList section */
		F7705294225C9DFC006F4F1E /* Build configuration list for PBXProject "TransformLayerProject" */ = {
			isa = XCConfigurationList;
			buildConfigurations = (
				F77052A9225C9DFE006F4F1E /* Debug */,
				F77052AA225C9DFE006F4F1E /* Release */,
			);
			defaultConfigurationIsVisible = 0;
			defaultConfigurationName = Release;
		};
		F77052AB225C9DFE006F4F1E /* Build configuration list for PBXNativeTarget "TransformLayerProject" */ = {
			isa = XCConfigurationList;
			buildConfigurations = (
				F77052AC225C9DFE006F4F1E /* Debug */,
				F77052AD225C9DFE006F4F1E /* Release */,
			);
			defaultConfigurationIsVisible = 0;
			defaultConfigurationName = Release;
		};
/* End XCConfigurationList section */
	};
	rootObject = F7705291225C9DFC006F4F1E /* Project object */;
}
